Microsoft Visual Studio Solution File, Format Version 12.00
# Visual Studio Version 17
VisualStudioVersion = 17.13.35931.197
MinimumVisualStudioVersion = 10.0.40219.1
Project("{FAE04EC0-301F-11D3-BF4B-00C04F79EFBC}") = "SecureLogin", "SecureLogin\SecureLogin.csproj", "{B998AB79-F499-4A8D-AA0A-2F6DF619614F}"
EndProject
Project("{FAE04EC0-301F-11D3-BF4B-00C04F79EFBC}") = "SecureLogin.Tests", "SecureLogin.Tests\SecureLogin.Tests.csproj", "{1D6E95A0-D86C-4BE4-AEBB-F15FC00549AA}"
EndProject
Global
	GlobalSection(SolutionConfigurationPlatforms) = preSolution
		Debug|Any CPU = Debug|Any CPU
		Release|Any CPU = Release|Any CPU
	EndGlobalSection
	GlobalSection(ProjectConfigurationPlatforms) = postSolution
		{B998AB79-F499-4A8D-AA0A-2F6DF619614F}.Debug|Any CPU.ActiveCfg = Debug|Any CPU
		{B998AB79-F499-4A8D-AA0A-2F6DF619614F}.Debug|Any CPU.Build.0 = Debug|Any CPU
		{B998AB79-F499-4A8D-AA0A-2F6DF619614F}.Release|Any CPU.ActiveCfg = Release|Any CPU
		{B998AB79-F499-4A8D-AA0A-2F6DF619614F}.Release|Any CPU.Build.0 = Release|Any CPU
		{1D6E95A0-D86C-4BE4-AEBB-F15FC00549AA}.Debug|Any CPU.ActiveCfg = Debug|Any CPU
		{1D6E95A0-D86C-4BE4-AEBB-F15FC00549AA}.Debug|Any CPU.Build.0 = Debug|Any CPU
		{1D6E95A0-D86C-4BE4-AEBB-F15FC00549AA}.Release|Any CPU.ActiveCfg = Release|Any CPU
		{1D6E95A0-D86C-4BE4-AEBB-F15FC00549AA}.Release|Any CPU.Build.0 = Release|Any CPU
	EndGlobalSection
	GlobalSection(SolutionProperties) = preSolution
		HideSolutionNode = FALSE
	EndGlobalSection
	GlobalSection(ExtensibilityGlobals) = postSolution
		SolutionGuid = {E3FE3BD9-1DF1-4A87-900C-020267FB94B2}
	EndGlobalSection
EndGlobal
